
Microsoft Visual Studio Solution File, Format Version 12.00
# Visual Studio Version 17
VisualStudioVersion = 17.4.33122.133
MinimumVisualStudioVersion = 10.0.40219.1
Project("{FAE04EC0-301F-11D3-BF4B-00C04F79EFBC}") = "Interface", "Interface.csproj", "{D9C5B07D-178C-4B7C-8443-A6C8DB01637C}"
EndProject
Global
	GlobalSection(SolutionConfigurationPlatforms) = preSolution
		Debug|Any CPU = Debug|Any CPU
		Release|Any CPU = Release|Any CPU
	EndGlobalSection
	GlobalSection(ProjectConfigurationPlatforms) = postSolution
		{D9C5B07D-178C-4B7C-8443-A6C8DB01637C}.Debug|Any CPU.ActiveCfg = Debug|Any CPU
		{D9C5B07D-178C-4B7C-8443-A6C8DB01637C}.Debug|Any CPU.Build.0 = Debug|Any CPU
		{D9C5B07D-178C-4B7C-8443-A6C8DB01637C}.Release|Any CPU.ActiveCfg = Release|Any CPU
		{D9C5B07D-178C-4B7C-8443-A6C8DB01637C}.Release|Any CPU.Build.0 = Release|Any CPU
	EndGlobalSection
	GlobalSection(SolutionProperties) = preSolution
		HideSolutionNode = FALSE
	EndGlobalSection
	GlobalSection(ExtensibilityGlobals) = postSolution
		SolutionGuid = {DDEA75CB-2865-4832-AEE4-43A5126A8E97}
	EndGlobalSection
EndGlobal
